{
  "pins" : [
    {
      "identity" : "acarousel",
      "kind" : "remoteSourceControl",
      "location" : "https://github.com/JWAutumn/ACarousel",
      "state" : {
        "revision" : "8a322513580f21288fd87eb3a1341c247b3e2a76",
        "version" : "0.2.0"
      }
    },
    {
      "identity" : "popupview",
      "kind" : "remoteSourceControl",
      "location" : "https://github.com/exyte/PopupView.git",
      "state" : {
        "revision" : "b0637e364e226ace536ca07cc4b746a916ccfe65",
        "version" : "2.4.2"
      }
    },
    {
      "identity" : "shuffleit",
      "kind" : "remoteSourceControl",
      "location" : "https://github.com/dscyrescotti/ShuffleIt.git",
      "state" : {
        "branch" : "main",
        "revision" : "1c564cc6e3367ad9bf8338e1212b2db5a592f3d2"
      }
    }
  ],
  "version" : 2
}
